
Microsoft Visual Studio Solution File, Format Version 12.00
# Visual Studio Version 16
VisualStudioVersion = 16.0.30503.244
MinimumVisualStudioVersion = 10.0.40219.1
Project("{FAE04EC0-301F-11D3-BF4B-00C04F79EFBC}") = "Seaslag", "Seaslag\Seaslag.csproj", "{CDB3DB1C-9F39-4833-9611-977000364CC6}"
EndProject
Global
	GlobalSection(SolutionConfigurationPlatforms) = preSolution
		Debug|Any CPU = Debug|Any CPU
		Release|Any CPU = Release|Any CPU
	EndGlobalSection
	GlobalSection(ProjectConfigurationPlatforms) = postSolution
		{CDB3DB1C-9F39-4833-9611-977000364CC6}.Debug|Any CPU.ActiveCfg = Debug|Any CPU
		{CDB3DB1C-9F39-4833-9611-977000364CC6}.Debug|Any CPU.Build.0 = Debug|Any CPU
		{CDB3DB1C-9F39-4833-9611-977000364CC6}.Release|Any CPU.ActiveCfg = Release|Any CPU
		{CDB3DB1C-9F39-4833-9611-977000364CC6}.Release|Any CPU.Build.0 = Release|Any CPU
	EndGlobalSection
	GlobalSection(SolutionProperties) = preSolution
		HideSolutionNode = FALSE
	EndGlobalSection
	GlobalSection(ExtensibilityGlobals) = postSolution
		SolutionGuid = {D7D9DE47-9465-4C14-94C2-6D937AC76553}
	EndGlobalSection
EndGlobal
