
Microsoft Visual Studio Solution File, Format Version 12.00
# Visual Studio Version 16
VisualStudioVersion = 16.0.30503.244
MinimumVisualStudioVersion = 10.0.40219.1
Project("{9A19103F-16F7-4668-BE54-9A1E7A4F7556}") = "Seaslag", "Seaslag\Seaslag.csproj", "{CDB3DB1C-9F39-4833-9611-977000364CC6}"
EndProject
Project("{FAE04EC0-301F-11D3-BF4B-00C04F79EFBC}") = "LogicLayer", "LogicLayer\LogicLayer.csproj", "{8713DA03-E464-4162-A084-AE206BB6D267}"
EndProject
Project("{FAE04EC0-301F-11D3-BF4B-00C04F79EFBC}") = "ModelLayer", "ModelLayer\ModelLayer.csproj", "{8ECE62C4-1E4C-43BE-A25F-88E571373FB1}"
EndProject
Project("{FAE04EC0-301F-11D3-BF4B-00C04F79EFBC}") = "DataAccessLayer", "DataAccessLayer\DataAccessLayer.csproj", "{8AB15365-C933-4797-BB2C-30B42D4F2B84}"
EndProject
Global
	GlobalSection(SolutionConfigurationPlatforms) = preSolution
		Debug|Any CPU = Debug|Any CPU
		Release|Any CPU = Release|Any CPU
	EndGlobalSection
	GlobalSection(ProjectConfigurationPlatforms) = postSolution
		{CDB3DB1C-9F39-4833-9611-977000364CC6}.Debug|Any CPU.ActiveCfg = Debug|Any CPU
		{CDB3DB1C-9F39-4833-9611-977000364CC6}.Debug|Any CPU.Build.0 = Debug|Any CPU
		{CDB3DB1C-9F39-4833-9611-977000364CC6}.Release|Any CPU.ActiveCfg = Release|Any CPU
		{CDB3DB1C-9F39-4833-9611-977000364CC6}.Release|Any CPU.Build.0 = Release|Any CPU
		{8713DA03-E464-4162-A084-AE206BB6D267}.Debug|Any CPU.ActiveCfg = Debug|Any CPU
		{8713DA03-E464-4162-A084-AE206BB6D267}.Debug|Any CPU.Build.0 = Debug|Any CPU
		{8713DA03-E464-4162-A084-AE206BB6D267}.Release|Any CPU.ActiveCfg = Release|Any CPU
		{8713DA03-E464-4162-A084-AE206BB6D267}.Release|Any CPU.Build.0 = Release|Any CPU
		{8ECE62C4-1E4C-43BE-A25F-88E571373FB1}.Debug|Any CPU.ActiveCfg = Debug|Any CPU
		{8ECE62C4-1E4C-43BE-A25F-88E571373FB1}.Debug|Any CPU.Build.0 = Debug|Any CPU
		{8ECE62C4-1E4C-43BE-A25F-88E571373FB1}.Release|Any CPU.ActiveCfg = Release|Any CPU
		{8ECE62C4-1E4C-43BE-A25F-88E571373FB1}.Release|Any CPU.Build.0 = Release|Any CPU
		{8AB15365-C933-4797-BB2C-30B42D4F2B84}.Debug|Any CPU.ActiveCfg = Debug|Any CPU
		{8AB15365-C933-4797-BB2C-30B42D4F2B84}.Debug|Any CPU.Build.0 = Debug|Any CPU
		{8AB15365-C933-4797-BB2C-30B42D4F2B84}.Release|Any CPU.ActiveCfg = Release|Any CPU
		{8AB15365-C933-4797-BB2C-30B42D4F2B84}.Release|Any CPU.Build.0 = Release|Any CPU
	EndGlobalSection
	GlobalSection(SolutionProperties) = preSolution
		HideSolutionNode = FALSE
	EndGlobalSection
	GlobalSection(ExtensibilityGlobals) = postSolution
		SolutionGuid = {D7D9DE47-9465-4C14-94C2-6D937AC76553}
	EndGlobalSection
EndGlobal
